github.com/davecgh/go-spew v1.1.1/go.mod h1:J7Y8YcW2NihsgmVo/mv3lAwl/skON4iLHjSsI+c5H38=
github.com/google/go-cmp v0.2.0 h1:+dTQ8DZQJz0Mb/HjFlkptS1FeQ4cWSnN941F8aEG4SQ=
github.com/google/go-cmp v0.2.0/go.mod h1:oXzfMopK8JAjlY9xF4vHSVASa0yLyX7SntLO5aqRK0M=
github.com/mediocregopher/mediocre-go-lib v0.0.0-20181029021733-cb65787f37ed/go.mod h1:dSsfyI2zABAdhcbvkXqgxOxrCsbYeHCPgrZkku60dSg=
github.com/mediocregopher/radix/v3 v3.2.2 h1:Kb5mC9Nakr4PWkZ3ht3b2Uc1l8x/kJtiBJfg3iOqmfY=
github.com/mediocregopher/radix/v3 v3.2.2/go.mod h1:EmfVyvspXz1uZEyPBMyGK+kjWiKQGvsUt6O3Pj+LDCQ=
github.com/pmezard/go-difflib v1.0.0/go.mod h1:iKH77koFhYxTK1pcRnkKkqfTogsbg7gZNVY4sRDYZ/4=
github.com/stretchr/testify v1.2.2/go.mod h1:a8OnRcib4nhh0OaRAV+Yts87kKdq0PP7pXfy6kDkUVs=
